
Microsoft Visual Studio Solution File, Format Version 12.00
# Visual Studio Version 16
VisualStudioVersion = 16.0.31129.286
MinimumVisualStudioVersion = 10.0.40219.1
Project("{FAE04EC0-301F-11D3-BF4B-00C04F79EFBC}") = "AppRestaurant", "AppRestaurant\AppRestaurant.csproj", "{FB0E4DAD-FDC0-4C29-BD7A-36EC6B7DC291}"
EndProject
Global
	GlobalSection(SolutionConfigurationPlatforms) = preSolution
		Debug|Any CPU = Debug|Any CPU
		Release|Any CPU = Release|Any CPU
	EndGlobalSection
	GlobalSection(ProjectConfigurationPlatforms) = postSolution
		{FB0E4DAD-FDC0-4C29-BD7A-36EC6B7DC291}.Debug|Any CPU.ActiveCfg = Debug|Any CPU
		{FB0E4DAD-FDC0-4C29-BD7A-36EC6B7DC291}.Debug|Any CPU.Build.0 = Debug|Any CPU
		{FB0E4DAD-FDC0-4C29-BD7A-36EC6B7DC291}.Release|Any CPU.ActiveCfg = Release|Any CPU
		{FB0E4DAD-FDC0-4C29-BD7A-36EC6B7DC291}.Release|Any CPU.Build.0 = Release|Any CPU
	EndGlobalSection
	GlobalSection(SolutionProperties) = preSolution
		HideSolutionNode = FALSE
	EndGlobalSection
	GlobalSection(ExtensibilityGlobals) = postSolution
		SolutionGuid = {70E95F29-E365-40B1-905D-413F1E81BA14}
	EndGlobalSection
EndGlobal
